
Microsoft Visual Studio Solution File, Format Version 12.00
# Visual Studio Version 17
VisualStudioVersion = 17.14.36616.10 d17.14
MinimumVisualStudioVersion = 10.0.40219.1
Project("{2150E333-8FDC-42A3-9474-1A3956D46DE8}") = "Core", "Core", "{02EA681E-C7D8-13C7-8484-4AC65E1B71E8}"
EndProject
Project("{2150E333-8FDC-42A3-9474-1A3956D46DE8}") = "Infrastructure", "Infrastructure", "{C44F2DC0-442D-410D-8C07-290284ED18CF}"
EndProject
Project("{2150E333-8FDC-42A3-9474-1A3956D46DE8}") = "Presentation", "Presentation", "{CD38F20D-E601-4D63-A12F-9A6CA2C2C82C}"
EndProject
Project("{FAE04EC0-301F-11D3-BF4B-00C04F79EFBC}") = "Onion.Application", "Core\Onion.Application\Onion.Application.csproj", "{83EEFDA8-A49D-4AA8-B413-7E30E1FE1B7E}"
EndProject
Project("{FAE04EC0-301F-11D3-BF4B-00C04F79EFBC}") = "Onion.Contract", "Core\Onion.Contract\Onion.Contract.csproj", "{712EB828-EE85-42C4-8661-4DB85158BE4B}"
EndProject
Project("{FAE04EC0-301F-11D3-BF4B-00C04F79EFBC}") = "Onion.Domain", "Core\Onion.Domain\Onion.Domain.csproj", "{A72CE618-D89F-4514-B3DE-91D8E0DCB1B8}"
EndProject
Project("{FAE04EC0-301F-11D3-BF4B-00C04F79EFBC}") = "Onion.InnerInfrastructure", "Infrastructure\Onion.InnerInfrastructure\Onion.InnerInfrastructure.csproj", "{D67E3243-32E4-481E-96C6-7E787E7AB395}"
EndProject
Project("{FAE04EC0-301F-11D3-BF4B-00C04F79EFBC}") = "Onion.Persistence", "Infrastructure\Onion.Persistence\Onion.Persistence.csproj", "{BFCDE441-8803-40BA-912D-A83B943472E0}"
EndProject
Project("{FAE04EC0-301F-11D3-BF4B-00C04F79EFBC}") = "Onion.WebApi", "Onion.WebApi\Onion.WebApi.csproj", "{912002B9-8264-4A81-837A-06ACD71F5B82}"
EndProject
Global
	GlobalSection(SolutionConfigurationPlatforms) = preSolution
		Debug|Any CPU = Debug|Any CPU
		Release|Any CPU = Release|Any CPU
	EndGlobalSection
	GlobalSection(ProjectConfigurationPlatforms) = postSolution
		{83EEFDA8-A49D-4AA8-B413-7E30E1FE1B7E}.Debug|Any CPU.ActiveCfg = Debug|Any CPU
		{83EEFDA8-A49D-4AA8-B413-7E30E1FE1B7E}.Debug|Any CPU.Build.0 = Debug|Any CPU
		{83EEFDA8-A49D-4AA8-B413-7E30E1FE1B7E}.Release|Any CPU.ActiveCfg = Release|Any CPU
		{83EEFDA8-A49D-4AA8-B413-7E30E1FE1B7E}.Release|Any CPU.Build.0 = Release|Any CPU
		{712EB828-EE85-42C4-8661-4DB85158BE4B}.Debug|Any CPU.ActiveCfg = Debug|Any CPU
		{712EB828-EE85-42C4-8661-4DB85158BE4B}.Debug|Any CPU.Build.0 = Debug|Any CPU
		{712EB828-EE85-42C4-8661-4DB85158BE4B}.Release|Any CPU.ActiveCfg = Release|Any CPU
		{712EB828-EE85-42C4-8661-4DB85158BE4B}.Release|Any CPU.Build.0 = Release|Any CPU
		{A72CE618-D89F-4514-B3DE-91D8E0DCB1B8}.Debug|Any CPU.ActiveCfg = Debug|Any CPU
		{A72CE618-D89F-4514-B3DE-91D8E0DCB1B8}.Debug|Any CPU.Build.0 = Debug|Any CPU
		{A72CE618-D89F-4514-B3DE-91D8E0DCB1B8}.Release|Any CPU.ActiveCfg = Release|Any CPU
		{A72CE618-D89F-4514-B3DE-91D8E0DCB1B8}.Release|Any CPU.Build.0 = Release|Any CPU
		{D67E3243-32E4-481E-96C6-7E787E7AB395}.Debug|Any CPU.ActiveCfg = Debug|Any CPU
		{D67E3243-32E4-481E-96C6-7E787E7AB395}.Debug|Any CPU.Build.0 = Debug|Any CPU
		{D67E3243-32E4-481E-96C6-7E787E7AB395}.Release|Any CPU.ActiveCfg = Release|Any CPU
		{D67E3243-32E4-481E-96C6-7E787E7AB395}.Release|Any CPU.Build.0 = Release|Any CPU
		{BFCDE441-8803-40BA-912D-A83B943472E0}.Debug|Any CPU.ActiveCfg = Debug|Any CPU
		{BFCDE441-8803-40BA-912D-A83B943472E0}.Debug|Any CPU.Build.0 = Debug|Any CPU
		{BFCDE441-8803-40BA-912D-A83B943472E0}.Release|Any CPU.ActiveCfg = Release|Any CPU
		{BFCDE441-8803-40BA-912D-A83B943472E0}.Release|Any CPU.Build.0 = Release|Any CPU
		{912002B9-8264-4A81-837A-06ACD71F5B82}.Debug|Any CPU.ActiveCfg = Debug|Any CPU
		{912002B9-8264-4A81-837A-06ACD71F5B82}.Debug|Any CPU.Build.0 = Debug|Any CPU
		{912002B9-8264-4A81-837A-06ACD71F5B82}.Release|Any CPU.ActiveCfg = Release|Any CPU
		{912002B9-8264-4A81-837A-06ACD71F5B82}.Release|Any CPU.Build.0 = Release|Any CPU
	EndGlobalSection
	GlobalSection(SolutionProperties) = preSolution
		HideSolutionNode = FALSE
	EndGlobalSection
	GlobalSection(NestedProjects) = preSolution
		{83EEFDA8-A49D-4AA8-B413-7E30E1FE1B7E} = {02EA681E-C7D8-13C7-8484-4AC65E1B71E8}
		{712EB828-EE85-42C4-8661-4DB85158BE4B} = {02EA681E-C7D8-13C7-8484-4AC65E1B71E8}
		{A72CE618-D89F-4514-B3DE-91D8E0DCB1B8} = {02EA681E-C7D8-13C7-8484-4AC65E1B71E8}
		{D67E3243-32E4-481E-96C6-7E787E7AB395} = {C44F2DC0-442D-410D-8C07-290284ED18CF}
		{BFCDE441-8803-40BA-912D-A83B943472E0} = {C44F2DC0-442D-410D-8C07-290284ED18CF}
		{912002B9-8264-4A81-837A-06ACD71F5B82} = {CD38F20D-E601-4D63-A12F-9A6CA2C2C82C}
	EndGlobalSection
	GlobalSection(ExtensibilityGlobals) = postSolution
		SolutionGuid = {6B5849AA-1059-4032-B454-4B71DA60F256}
	EndGlobalSection
EndGlobal
